# THIS IS AN AUTOGENERATED FILE. DO NOT EDIT THIS FILE DIRECTLY.
# yarn lockfile v1


"@types/geojson@^1.0.0":
  version "1.0.6"
  resolved "https://registry.yarnpkg.com/@types/geojson/-/geojson-1.0.6.tgz#3e02972728c69248c2af08d60a48cbb8680fffdf"

"@types/node@*":
  version "4.0.26-alpha"
  resolved "http://10.2.223.167:7001/@types/node/download/@types/node-4.0.26-alpha.tgz#b68848a284df33454482eb07a3a5583d69895b50"

accepts@^1.2.2:
  version "1.3.4"
  resolved "http://registry.npm.taobao.org/accepts/download/accepts-1.3.4.tgz#86246758c7dd6d21a6474ff084a4740ec05eb21f"
  dependencies:
    mime-types "~2.1.16"
    negotiator "0.6.1"

ansi-regex@^2.0.0:
  version "2.1.1"
  resolved "https://registry.yarnpkg.com/ansi-regex/-/ansi-regex-2.1.1.tgz#c3b33ab5ee360d86e0e628f0468ae7ef27d654df"

ansi-styles@^2.2.1:
  version "2.2.1"
  resolved "http://registry.npm.taobao.org/ansi-styles/download/ansi-styles-2.2.1.tgz#b432dd3358b634cf75e1e4664368240533c1ddbe"

any-promise@^1.1.0:
  version "1.3.0"
  resolved "http://registry.npm.taobao.org/any-promise/download/any-promise-1.3.0.tgz#abc6afeedcea52e809cdc0376aed3ce39635d17f"

bignumber.js@4.0.4:
  version "4.0.4"
  resolved "http://registry.npm.taobao.org/bignumber.js/download/bignumber.js-4.0.4.tgz#7c40f5abcd2d6623ab7b99682ee7db81b11889a4"

bluebird@^3.4.6:
  version "3.5.1"
  resolved "http://registry.npm.taobao.org/bluebird/download/bluebird-3.5.1.tgz#d9551f9de98f1fcda1e683d17ee91a0602ee2eb9"

bytes@3.0.0:
  version "3.0.0"
  resolved "http://registry.npm.taobao.org/bytes/download/bytes-3.0.0.tgz#d32815404d689699f85a4ea4fa8755dd13a96048"

bytes@^2.5.0:
  version "2.5.0"
  resolved "http://registry.npm.taobao.org/bytes/download/bytes-2.5.0.tgz#4c9423ea2d252c270c41b2bdefeff9bb6b62c06a"

chalk@^1.1.3:
  version "1.1.3"
  resolved "http://registry.npm.taobao.org/chalk/download/chalk-1.1.3.tgz#a8115c55e4a702fe4d150abd3872822a7e09fc98"
  dependencies:
    ansi-styles "^2.2.1"
    escape-string-regexp "^1.0.2"
    has-ansi "^2.0.0"
    strip-ansi "^3.0.0"
    supports-color "^2.0.0"

cls-bluebird@^2.0.1:
  version "2.1.0"
  resolved "http://registry.npm.taobao.org/cls-bluebird/download/cls-bluebird-2.1.0.tgz#37ef1e080a8ffb55c2f4164f536f1919e7968aee"
  dependencies:
    is-bluebird "^1.0.2"
    shimmer "^1.1.0"

co-body@^5.1.0:
  version "5.1.1"
  resolved "http://registry.npm.taobao.org/co-body/download/co-body-5.1.1.tgz#d97781d1e3344ba4a820fd1806bddf8341505236"
  dependencies:
    inflation "^2.0.0"
    qs "^6.4.0"
    raw-body "^2.2.0"
    type-is "^1.6.14"

co@^4.6.0:
  version "4.6.0"
  resolved "https://registry.yarnpkg.com/co/-/co-4.6.0.tgz#6ea6bdf3d853ae54ccb8e47bfa0bf3f9031fb184"

content-disposition@~0.5.0:
  version "0.5.2"
  resolved "https://registry.yarnpkg.com/content-disposition/-/content-disposition-0.5.2.tgz#0cf68bb9ddf5f2be7961c3a85178cb85dba78cb4"

content-type@^1.0.0:
  version "1.0.4"
  resolved "http://registry.npm.taobao.org/content-type/download/content-type-1.0.4.tgz#e138cc75e040c727b1966fe5e5f8c9aee256fe3b"

cookies@~0.7.0:
  version "0.7.1"
  resolved "http://registry.npm.taobao.org/cookies/download/cookies-0.7.1.tgz#7c8a615f5481c61ab9f16c833731bcb8f663b99b"
  dependencies:
    depd "~1.1.1"
    keygrip "~1.0.2"

copy-to@^2.0.1:
  version "2.0.1"
  resolved "http://registry.npm.taobao.org/copy-to/download/copy-to-2.0.1.tgz#2680fbb8068a48d08656b6098092bdafc906f4a5"

core-util-is@~1.0.0:
  version "1.0.2"
  resolved "https://registry.yarnpkg.com/core-util-is/-/core-util-is-1.0.2.tgz#b5fd54220aa2bc5ab57aab7140c940754503c1a7"

debug@*, debug@^3.0.0, debug@^3.1.0:
  version "3.1.0"
  resolved "http://registry.npm.taobao.org/debug/download/debug-3.1.0.tgz#5bb5a0672628b64149566ba16819e61518c67261"
  dependencies:
    ms "2.0.0"

debug@^2.6.9:
  version "2.6.9"
  resolved "http://registry.npm.taobao.org/debug/download/debug-2.6.9.tgz#5d128515df134ff327e90a4c93f4e077a536341f"
  dependencies:
    ms "2.0.0"

deep-equal@~1.0.1:
  version "1.0.1"
  resolved "http://registry.npm.taobao.org/deep-equal/download/deep-equal-1.0.1.tgz#f5d260292b660e084eff4cdbc9f08ad3247448b5"

delegates@^1.0.0:
  version "1.0.0"
  resolved "http://registry.npm.taobao.org/delegates/download/delegates-1.0.0.tgz#84c6e159b81904fdca59a0ef44cd870d31250f9a"

depd@1.1.0:
  version "1.1.0"
  resolved "https://registry.yarnpkg.com/depd/-/depd-1.1.0.tgz#e1bd82c6aab6ced965b97b88b17ed3e528ca18c3"

depd@1.1.1:
  version "1.1.1"
  resolved "http://registry.npm.taobao.org/depd/download/depd-1.1.1.tgz#5783b4e1c459f06fa5ca27f991f3d06e7a310359"

depd@^1.1.0, depd@~1.1.1:
  version "1.1.2"
  resolved "http://registry.npm.taobao.org/depd/download/depd-1.1.2.tgz#9bcd52e14c097763e749b274c4346ed2e560b5a9"

destroy@^1.0.3:
  version "1.0.4"
  resolved "https://registry.yarnpkg.com/destroy/-/destroy-1.0.4.tgz#978857442c44749e4206613e37946205826abd80"

dottie@^2.0.0:
  version "2.0.0"
  resolved "http://registry.npm.taobao.org/dottie/download/dottie-2.0.0.tgz#da191981c8b8d713ca0115d5898cf397c2f0ddd0"

ee-first@1.1.1:
  version "1.1.1"
  resolved "https://registry.yarnpkg.com/ee-first/-/ee-first-1.1.1.tgz#590c61156b0ae2f4f0255732a158b266bc56b21d"

error-inject@~1.0.0:
  version "1.0.0"
  resolved "http://registry.npm.taobao.org/error-inject/download/error-inject-1.0.0.tgz#e2b3d91b54aed672f309d950d154850fa11d4f37"

escape-html@~1.0.1:
  version "1.0.3"
  resolved "https://registry.yarnpkg.com/escape-html/-/escape-html-1.0.3.tgz#0258eae4d3d0c0974de1c169188ef0051d1d1988"

escape-string-regexp@^1.0.2:
  version "1.0.5"
  resolved "http://registry.npm.taobao.org/escape-string-regexp/download/escape-string-regexp-1.0.5.tgz#1b61c0562190a8dff6ae3bb2cf0200ca130b86d4"

fresh@^0.5.2:
  version "0.5.2"
  resolved "http://registry.npm.taobao.org/fresh/download/fresh-0.5.2.tgz#3d8cadd90d976569fa835ab1f8e4b23a105605a7"

generic-pool@^3.1.8:
  version "3.4.0"
  resolved "http://registry.npm.taobao.org/generic-pool/download/generic-pool-3.4.0.tgz#6b76fc201bb49a0ff381450f585352378fb1c08f"

has-ansi@^2.0.0:
  version "2.0.0"
  resolved "http://registry.npm.taobao.org/has-ansi/download/has-ansi-2.0.0.tgz#34f5049ce1ecdf2b0649af3ef24e45ed35416d91"
  dependencies:
    ansi-regex "^2.0.0"

http-assert@^1.1.0:
  version "1.3.0"
  resolved "http://registry.npm.taobao.org/http-assert/download/http-assert-1.3.0.tgz#a31a5cf88c873ecbb5796907d4d6f132e8c01e4a"
  dependencies:
    deep-equal "~1.0.1"
    http-errors "~1.6.1"

http-errors@1.6.2, http-errors@^1.2.8, http-errors@^1.3.1:
  version "1.6.2"
  resolved "http://registry.npm.taobao.org/http-errors/download/http-errors-1.6.2.tgz#0a002cc85707192a7e7946ceedc11155f60ec736"
  dependencies:
    depd "1.1.1"
    inherits "2.0.3"
    setprototypeof "1.0.3"
    statuses ">= 1.3.1 < 2"

http-errors@~1.6.1:
  version "1.6.1"
  resolved "https://registry.yarnpkg.com/http-errors/-/http-errors-1.6.1.tgz#5f8b8ed98aca545656bf572997387f904a722257"
  dependencies:
    depd "1.1.0"
    inherits "2.0.3"
    setprototypeof "1.0.3"
    statuses ">= 1.3.1 < 2"

humanize-number@0.0.2:
  version "0.0.2"
  resolved "http://registry.npm.taobao.org/humanize-number/download/humanize-number-0.0.2.tgz#11c0af6a471643633588588048f1799541489c18"

iconv-lite@0.4.19:
  version "0.4.19"
  resolved "http://registry.npm.taobao.org/iconv-lite/download/iconv-lite-0.4.19.tgz#f7468f60135f5e5dad3399c0a81be9a1603a082b"

inflation@^2.0.0:
  version "2.0.0"
  resolved "http://registry.npm.taobao.org/inflation/download/inflation-2.0.0.tgz#8b417e47c28f925a45133d914ca1fd389107f30f"

inflection@1.12.0:
  version "1.12.0"
  resolved "http://registry.npm.taobao.org/inflection/download/inflection-1.12.0.tgz#a200935656d6f5f6bc4dc7502e1aecb703228416"

inherits@2.0.3, inherits@~2.0.3:
  version "2.0.3"
  resolved "https://registry.yarnpkg.com/inherits/-/inherits-2.0.3.tgz#633c2c83e3da42a502f52466022480f4208261de"

is-bluebird@^1.0.2:
  version "1.0.2"
  resolved "http://registry.npm.taobao.org/is-bluebird/download/is-bluebird-1.0.2.tgz#096439060f4aa411abee19143a84d6a55346d6e2"

is-generator-function@^1.0.3:
  version "1.0.7"
  resolved "http://registry.npm.taobao.org/is-generator-function/download/is-generator-function-1.0.7.tgz#d2132e529bb0000a7f80794d4bdf5cd5e5813522"

isarray@0.0.1:
  version "0.0.1"
  resolved "http://registry.npm.taobao.org/isarray/download/isarray-0.0.1.tgz#8a18acfca9a8f4177e09abfc6038939b05d1eedf"

isarray@~1.0.0:
  version "1.0.0"
  resolved "http://registry.npm.taobao.org/isarray/download/isarray-1.0.0.tgz#bb935d48582cba168c06834957a54a3e07124f11"

json-stringify-safe@5:
  version "5.0.1"
  resolved "https://registry.yarnpkg.com/json-stringify-safe/-/json-stringify-safe-5.0.1.tgz#1296a2d58fd45f19a0f6ce01d65701e2c735b6eb"

keygrip@~1.0.2:
  version "1.0.2"
  resolved "http://registry.npm.taobao.org/keygrip/download/keygrip-1.0.2.tgz#ad3297c557069dea8bcfe7a4fa491b75c5ddeb91"

koa-bodyparser@^4.2.0:
  version "4.2.0"
  resolved "http://registry.npm.taobao.org/koa-bodyparser/download/koa-bodyparser-4.2.0.tgz#bce6e08bc65f8709b6d1faa9411c7f0d8938aa54"
  dependencies:
    co-body "^5.1.0"
    copy-to "^2.0.1"

koa-compose@^3.0.0:
  version "3.2.1"
  resolved "http://registry.npm.taobao.org/koa-compose/download/koa-compose-3.2.1.tgz#a85ccb40b7d986d8e5a345b3a1ace8eabcf54de7"
  dependencies:
    any-promise "^1.1.0"

koa-compose@^4.0.0:
  version "4.0.0"
  resolved "http://registry.npm.taobao.org/koa-compose/download/koa-compose-4.0.0.tgz#2800a513d9c361ef0d63852b038e4f6f2d5a773c"

koa-convert@^1.2.0:
  version "1.2.0"
  resolved "http://registry.npm.taobao.org/koa-convert/download/koa-convert-1.2.0.tgz#da40875df49de0539098d1700b50820cebcd21d0"
  dependencies:
    co "^4.6.0"
    koa-compose "^3.0.0"

koa-is-json@1, koa-is-json@^1.0.0:
  version "1.0.0"
  resolved "http://registry.npm.taobao.org/koa-is-json/download/koa-is-json-1.0.0.tgz#273c07edcdcb8df6a2c1ab7d59ee76491451ec14"

koa-json@^2.0.2:
  version "2.0.2"
  resolved "http://registry.npm.taobao.org/koa-json/download/koa-json-2.0.2.tgz#36af14e6ea1f5d646d7c44a285701c6f85a4fde4"
  dependencies:
    koa-is-json "1"
    streaming-json-stringify "3"

koa-logger@^3.1.0:
  version "3.1.0"
  resolved "http://registry.npm.taobao.org/koa-logger/download/koa-logger-3.1.0.tgz#81a353f41870119d56260e0e644f04e731810039"
  dependencies:
    bytes "^2.5.0"
    chalk "^1.1.3"
    humanize-number "0.0.2"
    passthrough-counter "^1.0.0"

koa-router@^7.3.0:
  version "7.3.0"
  resolved "http://registry.npm.taobao.org/koa-router/download/koa-router-7.3.0.tgz#241f0449ac5cd1071831a9a3d80b521fafb6baa1"
  dependencies:
    debug "^3.1.0"
    http-errors "^1.3.1"
    koa-compose "^3.0.0"
    methods "^1.0.1"
    path-to-regexp "^1.1.1"
    urijs "^1.19.0"

koa@^2.4.1:
  version "2.4.1"
  resolved "http://registry.npm.taobao.org/koa/download/koa-2.4.1.tgz#d449cfb970a7e9da571f699eda40bb9e32eb1484"
  dependencies:
    accepts "^1.2.2"
    content-disposition "~0.5.0"
    content-type "^1.0.0"
    cookies "~0.7.0"
    debug "*"
    delegates "^1.0.0"
    depd "^1.1.0"
    destroy "^1.0.3"
    error-inject "~1.0.0"
    escape-html "~1.0.1"
    fresh "^0.5.2"
    http-assert "^1.1.0"
    http-errors "^1.2.8"
    is-generator-function "^1.0.3"
    koa-compose "^4.0.0"
    koa-convert "^1.2.0"
    koa-is-json "^1.0.0"
    mime-types "^2.0.7"
    on-finished "^2.1.0"
    only "0.0.2"
    parseurl "^1.3.0"
    statuses "^1.2.0"
    type-is "^1.5.5"
    vary "^1.0.0"

lodash@^4.17.1:
  version "4.17.4"
  resolved "http://registry.npm.taobao.org/lodash/download/lodash-4.17.4.tgz#78203a4d1c328ae1d86dca6460e369b57f4055ae"

media-typer@0.3.0:
  version "0.3.0"
  resolved "https://registry.yarnpkg.com/media-typer/-/media-typer-0.3.0.tgz#8710d7af0aa626f8fffa1ce00168545263255748"

methods@^1.0.1:
  version "1.1.2"
  resolved "https://registry.yarnpkg.com/methods/-/methods-1.1.2.tgz#5529a4d67654134edcc5266656835b0f851afcee"

mime-db@~1.27.0:
  version "1.27.0"
  resolved "https://registry.yarnpkg.com/mime-db/-/mime-db-1.27.0.tgz#820f572296bbd20ec25ed55e5b5de869e5436eb1"

mime-db@~1.30.0:
  version "1.30.0"
  resolved "http://registry.npm.taobao.org/mime-db/download/mime-db-1.30.0.tgz#74c643da2dd9d6a45399963465b26d5ca7d71f01"

mime-types@^2.0.7, mime-types@~2.1.16:
  version "2.1.17"
  resolved "http://registry.npm.taobao.org/mime-types/download/mime-types-2.1.17.tgz#09d7a393f03e995a79f8af857b70a9e0ab16557a"
  dependencies:
    mime-db "~1.30.0"

mime-types@~2.1.15:
  version "2.1.15"
  resolved "https://registry.yarnpkg.com/mime-types/-/mime-types-2.1.15.tgz#a4ebf5064094569237b8cf70046776d09fc92aed"
  dependencies:
    mime-db "~1.27.0"

moment-timezone@^0.5.4:
  version "0.5.14"
  resolved "http://registry.npm.taobao.org/moment-timezone/download/moment-timezone-0.5.14.tgz#4eb38ff9538b80108ba467a458f3ed4268ccfcb1"
  dependencies:
    moment ">= 2.9.0"

"moment@>= 2.9.0", moment@^2.13.0:
  version "2.20.1"
  resolved "http://registry.npm.taobao.org/moment/download/moment-2.20.1.tgz#d6eb1a46cbcc14a2b2f9434112c1ff8907f313fd"

ms@2.0.0:
  version "2.0.0"
  resolved "http://registry.npm.taobao.org/ms/download/ms-2.0.0.tgz#5608aeadfc00be6c2901df5f9861788de0d597c8"

mysql@^2.15.0:
  version "2.15.0"
  resolved "http://registry.npm.taobao.org/mysql/download/mysql-2.15.0.tgz#ea16841156343e8f2e47fc8985ec41cdd9573b5c"
  dependencies:
    bignumber.js "4.0.4"
    readable-stream "2.3.3"
    safe-buffer "5.1.1"
    sqlstring "2.3.0"

negotiator@0.6.1:
  version "0.6.1"
  resolved "https://registry.yarnpkg.com/negotiator/-/negotiator-0.6.1.tgz#2b327184e8992101177b28563fb5e7102acd0ca9"

on-finished@^2.1.0:
  version "2.3.0"
  resolved "https://registry.yarnpkg.com/on-finished/-/on-finished-2.3.0.tgz#20f1336481b083cd75337992a16971aa2d906947"
  dependencies:
    ee-first "1.1.1"

only@0.0.2:
  version "0.0.2"
  resolved "http://registry.npm.taobao.org/only/download/only-0.0.2.tgz#2afde84d03e50b9a8edc444e30610a70295edfb4"

parseurl@^1.3.0:
  version "1.3.2"
  resolved "http://registry.npm.taobao.org/parseurl/download/parseurl-1.3.2.tgz#fc289d4ed8993119460c156253262cdc8de65bf3"

passthrough-counter@^1.0.0:
  version "1.0.0"
  resolved "http://registry.npm.taobao.org/passthrough-counter/download/passthrough-counter-1.0.0.tgz#1967d9e66da572b5c023c787db112a387ab166fa"

path-to-regexp@^1.1.1:
  version "1.7.0"
  resolved "http://registry.npm.taobao.org/path-to-regexp/download/path-to-regexp-1.7.0.tgz#59fde0f435badacba103a84e9d3bc64e96b9937d"
  dependencies:
    isarray "0.0.1"

process-nextick-args@~1.0.6:
  version "1.0.7"
  resolved "http://registry.npm.taobao.org/process-nextick-args/download/process-nextick-args-1.0.7.tgz#150e20b756590ad3f91093f25a4f2ad8bff30ba3"

qs@^6.4.0:
  version "6.5.1"
  resolved "http://registry.npm.taobao.org/qs/download/qs-6.5.1.tgz#349cdf6eef89ec45c12d7d5eb3fc0c870343a6d8"

raw-body@^2.2.0:
  version "2.3.2"
  resolved "http://registry.npm.taobao.org/raw-body/download/raw-body-2.3.2.tgz#bcd60c77d3eb93cde0050295c3f379389bc88f89"
  dependencies:
    bytes "3.0.0"
    http-errors "1.6.2"
    iconv-lite "0.4.19"
    unpipe "1.0.0"

readable-stream@2, readable-stream@2.3.3:
  version "2.3.3"
  resolved "http://registry.npm.taobao.org/readable-stream/download/readable-stream-2.3.3.tgz#368f2512d79f9d46fdfc71349ae7878bbc1eb95c"
  dependencies:
    core-util-is "~1.0.0"
    inherits "~2.0.3"
    isarray "~1.0.0"
    process-nextick-args "~1.0.6"
    safe-buffer "~5.1.1"
    string_decoder "~1.0.3"
    util-deprecate "~1.0.1"

retry-as-promised@^2.3.1:
  version "2.3.2"
  resolved "http://registry.npm.taobao.org/retry-as-promised/download/retry-as-promised-2.3.2.tgz#cd974ee4fd9b5fe03cbf31871ee48221c07737b7"
  dependencies:
    bluebird "^3.4.6"
    debug "^2.6.9"

safe-buffer@5.1.1, safe-buffer@~5.1.0, safe-buffer@~5.1.1:
  version "5.1.1"
  resolved "http://registry.npm.taobao.org/safe-buffer/download/safe-buffer-5.1.1.tgz#893312af69b2123def71f57889001671eeb2c853"

semver@^5.0.1:
  version "5.4.1"
  resolved "http://registry.npm.taobao.org/semver/download/semver-5.4.1.tgz#e059c09d8571f0540823733433505d3a2f00b18e"

sequelize@^4.31.2:
  version "4.31.2"
  resolved "http://registry.npm.taobao.org/sequelize/download/sequelize-4.31.2.tgz#4b414c39bac18ae74946ed49b300f5bc7e423462"
  dependencies:
    bluebird "^3.4.6"
    cls-bluebird "^2.0.1"
    debug "^3.0.0"
    depd "^1.1.0"
    dottie "^2.0.0"
    generic-pool "^3.1.8"
    inflection "1.12.0"
    lodash "^4.17.1"
    moment "^2.13.0"
    moment-timezone "^0.5.4"
    retry-as-promised "^2.3.1"
    semver "^5.0.1"
    terraformer-wkt-parser "^1.1.2"
    toposort-class "^1.0.1"
    uuid "^3.0.0"
    validator "^9.1.0"
    wkx "^0.4.1"

setprototypeof@1.0.3:
  version "1.0.3"
  resolved "https://registry.yarnpkg.com/setprototypeof/-/setprototypeof-1.0.3.tgz#66567e37043eeb4f04d91bd658c0cbefb55b8e04"

shimmer@^1.1.0:
  version "1.2.0"
  resolved "http://registry.npm.taobao.org/shimmer/download/shimmer-1.2.0.tgz#f966f7555789763e74d8841193685a5e78736665"

sqlstring@2.3.0:
  version "2.3.0"
  resolved "http://registry.npm.taobao.org/sqlstring/download/sqlstring-2.3.0.tgz#525b8a4fd26d6f71aa61e822a6caf976d31ad2a8"

"statuses@>= 1.3.1 < 2":
  version "1.3.1"
  resolved "https://registry.yarnpkg.com/statuses/-/statuses-1.3.1.tgz#faf51b9eb74aaef3b3acf4ad5f61abf24cb7b93e"

statuses@^1.2.0:
  version "1.4.0"
  resolved "http://registry.npm.taobao.org/statuses/download/statuses-1.4.0.tgz#bb73d446da2796106efcc1b601a253d6c46bd087"

streaming-json-stringify@3:
  version "3.1.0"
  resolved "http://registry.npm.taobao.org/streaming-json-stringify/download/streaming-json-stringify-3.1.0.tgz#80200437a993cc39c4fe00263b7b3b903ac87af5"
  dependencies:
    json-stringify-safe "5"
    readable-stream "2"

string_decoder@~1.0.3:
  version "1.0.3"
  resolved "http://registry.npm.taobao.org/string_decoder/download/string_decoder-1.0.3.tgz#0fc67d7c141825de94282dd536bec6b9bce860ab"
  dependencies:
    safe-buffer "~5.1.0"

strip-ansi@^3.0.0:
  version "3.0.1"
  resolved "https://registry.yarnpkg.com/strip-ansi/-/strip-ansi-3.0.1.tgz#6a385fb8853d952d5ff05d0e8aaf94278dc63dcf"
  dependencies:
    ansi-regex "^2.0.0"

supports-color@^2.0.0:
  version "2.0.0"
  resolved "http://registry.npm.taobao.org/supports-color/download/supports-color-2.0.0.tgz#535d045ce6b6363fa40117084629995e9df324c7"

terraformer-wkt-parser@^1.1.2:
  version "1.1.2"
  resolved "http://registry.npm.taobao.org/terraformer-wkt-parser/download/terraformer-wkt-parser-1.1.2.tgz#336a0c8fc82094a5aff83288f69aedecd369bf0c"
  dependencies:
    terraformer "~1.0.5"

terraformer@~1.0.5:
  version "1.0.8"
  resolved "http://registry.npm.taobao.org/terraformer/download/terraformer-1.0.8.tgz#51e0ad89746fcf2161dc6f65aa70e42377c8b593"
  dependencies:
    "@types/geojson" "^1.0.0"

toposort-class@^1.0.1:
  version "1.0.1"
  resolved "http://registry.npm.taobao.org/toposort-class/download/toposort-class-1.0.1.tgz#7ffd1f78c8be28c3ba45cd4e1a3f5ee193bd9988"

type-is@^1.5.5, type-is@^1.6.14:
  version "1.6.15"
  resolved "https://registry.yarnpkg.com/type-is/-/type-is-1.6.15.tgz#cab10fb4909e441c82842eafe1ad646c81804410"
  dependencies:
    media-typer "0.3.0"
    mime-types "~2.1.15"

unpipe@1.0.0:
  version "1.0.0"
  resolved "https://registry.yarnpkg.com/unpipe/-/unpipe-1.0.0.tgz#b2bf4ee8514aae6165b4817829d21b2ef49904ec"

urijs@^1.19.0:
  version "1.19.0"
  resolved "http://registry.npm.taobao.org/urijs/download/urijs-1.19.0.tgz#d8aa284d0e7469703a6988ad045c4cbfdf08ada0"

util-deprecate@~1.0.1:
  version "1.0.2"
  resolved "http://registry.npm.taobao.org/util-deprecate/download/util-deprecate-1.0.2.tgz#450d4dc9fa70de732762fbd2d4a28981419a0ccf"

uuid@^3.0.0:
  version "3.1.0"
  resolved "http://registry.npm.taobao.org/uuid/download/uuid-3.1.0.tgz#3dd3d3e790abc24d7b0d3a034ffababe28ebbc04"

validator@^9.1.0:
  version "9.2.0"
  resolved "http://registry.npm.taobao.org/validator/download/validator-9.2.0.tgz#ad216eed5f37cac31a6fe00ceab1f6b88bded03e"

vary@^1.0.0:
  version "1.1.2"
  resolved "http://registry.npm.taobao.org/vary/download/vary-1.1.2.tgz#2299f02c6ded30d4a5961b0b9f74524a18f634fc"

wkx@^0.4.1:
  version "0.4.2"
  resolved "http://registry.npm.taobao.org/wkx/download/wkx-0.4.2.tgz#776d35a634a5c22e656e4744bdeb54f83fd2ce8d"
  dependencies:
    "@types/node" "*"
